{
  "pins" : [
    {
      "identity" : "defaults",
      "kind" : "remoteSourceControl",
      "location" : "https://github.com/sindresorhus/Defaults",
      "state" : {
        "revision" : "119f654d44f7b90f00dc11f7dd1c94a36f12576b",
        "version" : "6.2.1"
      }
    },
    {
      "identity" : "keyboardshortcuts",
      "kind" : "remoteSourceControl",
      "location" : "https://github.com/sindresorhus/KeyboardShortcuts",
      "state" : {
        "revision" : "8a2cc9130b0eec6e1dae0a9a405a17741437caa5",
        "version" : "1.6.0"
      }
    },
    {
      "identity" : "launchatlogin",
      "kind" : "remoteSourceControl",
      "location" : "https://github.com/sindresorhus/LaunchAtLogin",
      "state" : {
        "revision" : "e8171b3e38a2816f579f58f3dac1522aa39efe41",
        "version" : "4.2.0"
      }
    },
    {
      "identity" : "swiftstate",
      "kind" : "remoteSourceControl",
      "location" : "https://github.com/ReactKit/SwiftState",
      "state" : {
        "branch" : "swift/5.0",
        "revision" : "887e75b96da6be36a062e1b0ef832c32a803348b"
      }
    }
  ],
  "version" : 2
}
