{
  "pins" : [
    {
      "identity" : "keyboardshortcuts",
      "kind" : "remoteSourceControl",
      "location" : "https://github.com/sindresorhus/KeyboardShortcuts",
      "state" : {
        "revision" : "aa50ffb413ce83a443a8c08eb20c76c226e9bce6",
        "version" : "1.9.0"
      }
    },
    {
      "identity" : "launchatlogin",
      "kind" : "remoteSourceControl",
      "location" : "https://github.com/sindresorhus/LaunchAtLogin",
      "state" : {
        "revision" : "7ad6331f9c38953eb1ce8737758e18f7607e984a",
        "version" : "5.0.0"
      }
    },
    {
      "identity" : "swiftstate",
      "kind" : "remoteSourceControl",
      "location" : "https://github.com/ReactKit/SwiftState",
      "state" : {
        "branch" : "swift/5.0",
        "revision" : "887e75b96da6be36a062e1b0ef832c32a803348b"
      }
    }
  ],
  "version" : 2
}
