// !$*UTF8*$!
{
	archiveVersion = 1;
	classes = {
	};
	objectVersion = 55;
	objects = {

/* Begin PBXBuildFile section */
		8A21B78C27EE31A20009E5DB /* App.swift in Sources */ = {isa = PBXBuildFile; fileRef = 8A21B78B27EE31A20009E5DB /* App.swift */; };
		8A21B78E27EE31A20009E5DB /* View.swift in Sources */ = {isa = PBXBuildFile; fileRef = 8A21B78D27EE31A20009E5DB /* View.swift */; };
		8A21B79027EE31A30009E5DB /* Assets.xcassets in Resources */ = {isa = PBXBuildFile; fileRef = 8A21B78F27EE31A30009E5DB /* Assets.xcassets */; };
		8A7403A027FA19BB00E7F90B /* LaunchAtLogin in Frameworks */ = {isa = PBXBuildFile; productRef = 8A74039F27FA19BB00E7F90B /* LaunchAtLogin */; };
		8A8CFE402821D8C300F9F303 /* SwiftState in Frameworks */ = {isa = PBXBuildFile; productRef = 8A8CFE3F2821D8C300F9F303 /* SwiftState */; };
		8A9F700927EE396E0012A1EC /* State.swift in Sources */ = {isa = PBXBuildFile; fileRef = 8A9F700827EE396E0012A1EC /* State.swift */; };
		8A9F701927EE3DAF0012A1EC /* Timer.swift in Sources */ = {isa = PBXBuildFile; fileRef = 8A9F701827EE3DAF0012A1EC /* Timer.swift */; };
		8A9F701F27EE536D0012A1EC /* Player.swift in Sources */ = {isa = PBXBuildFile; fileRef = 8A9F701E27EE536D0012A1EC /* Player.swift */; };
		8AA5434A2930F008002A47FC /* Localizable.strings in Resources */ = {isa = PBXBuildFile; fileRef = 8AA54347293094AB002A47FC /* Localizable.strings */; };
		8AA5B3EB281295DB00BE1A6C /* KeyboardShortcuts in Frameworks */ = {isa = PBXBuildFile; productRef = 8AA5B3EA281295DB00BE1A6C /* KeyboardShortcuts */; };
		8AA5B3F22812A74600BE1A6C /* Notifications.swift in Sources */ = {isa = PBXBuildFile; fileRef = 8AA5B3F12812A74600BE1A6C /* Notifications.swift */; };
		8AEE49AF2AA75A5E00243D2F /* Log.swift in Sources */ = {isa = PBXBuildFile; fileRef = 8AEE49AE2AA75A5E00243D2F /* Log.swift */; };
/* End PBXBuildFile section */

/* Begin PBXFileReference section */
		8A21B78827EE31A20009E5DB /* TomatoBar.app */ = {isa = PBXFileReference; explicitFileType = wrapper.application; includeInIndex = 0; path = TomatoBar.app; sourceTree = BUILT_PRODUCTS_DIR; };
		8A21B78B27EE31A20009E5DB /* App.swift */ = {isa = PBXFileReference; lastKnownFileType = sourcecode.swift; path = App.swift; sourceTree = "<group>"; };
		8A21B78D27EE31A20009E5DB /* View.swift */ = {isa = PBXFileReference; lastKnownFileType = sourcecode.swift; path = View.swift; sourceTree = "<group>"; };
		8A21B78F27EE31A30009E5DB /* Assets.xcassets */ = {isa = PBXFileReference; lastKnownFileType = folder.assetcatalog; path = Assets.xcassets; sourceTree = "<group>"; };
		8A21B79427EE31A30009E5DB /* TomatoBar.entitlements */ = {isa = PBXFileReference; lastKnownFileType = text.plist.entitlements; path = TomatoBar.entitlements; sourceTree = "<group>"; };
		8A9F700827EE396E0012A1EC /* State.swift */ = {isa = PBXFileReference; lastKnownFileType = sourcecode.swift; path = State.swift; sourceTree = "<group>"; };
		8A9F701827EE3DAF0012A1EC /* Timer.swift */ = {isa = PBXFileReference; lastKnownFileType = sourcecode.swift; path = Timer.swift; sourceTree = "<group>"; };
		8A9F701E27EE536D0012A1EC /* Player.swift */ = {isa = PBXFileReference; lastKnownFileType = sourcecode.swift; path = Player.swift; sourceTree = "<group>"; };
		8AA54346293094AB002A47FC /* en */ = {isa = PBXFileReference; lastKnownFileType = text.plist.strings; name = en; path = en.lproj/Localizable.strings; sourceTree = "<group>"; };
		8AA5B3F12812A74600BE1A6C /* Notifications.swift */ = {isa = PBXFileReference; lastKnownFileType = sourcecode.swift; path = Notifications.swift; sourceTree = "<group>"; };
		8AEE49AE2AA75A5E00243D2F /* Log.swift */ = {isa = PBXFileReference; fileEncoding = 4; lastKnownFileType = sourcecode.swift; path = Log.swift; sourceTree = "<group>"; };
		C4C8DE0E2930DBB4003B1110 /* zh-Hans */ = {isa = PBXFileReference; lastKnownFileType = text.plist.strings; name = "zh-Hans"; path = "zh-Hans.lproj/Localizable.strings"; sourceTree = "<group>"; };
/* End PBXFileReference section */

/* Begin PBXFrameworksBuildPhase section */
		8A21B78527EE31A20009E5DB /* Frameworks */ = {
			isa = PBXFrameworksBuildPhase;
			buildActionMask = 2147483647;
			files = (
				8A7403A027FA19BB00E7F90B /* LaunchAtLogin in Frameworks */,
				8AA5B3EB281295DB00BE1A6C /* KeyboardShortcuts in Frameworks */,
				8A8CFE402821D8C300F9F303 /* SwiftState in Frameworks */,
			);
			runOnlyForDeploymentPostprocessing = 0;
		};
/* End PBXFrameworksBuildPhase section */

/* Begin PBXGroup section */
		8A21B77F27EE31A20009E5DB = {
			isa = PBXGroup;
			children = (
				8A21B78A27EE31A20009E5DB /* TomatoBar */,
				8A21B78927EE31A20009E5DB /* Products */,
				8A9F700D27EE3AED0012A1EC /* Frameworks */,
			);
			sourceTree = "<group>";
		};
		8A21B78927EE31A20009E5DB /* Products */ = {
			isa = PBXGroup;
			children = (
				8A21B78827EE31A20009E5DB /* TomatoBar.app */,
			);
			name = Products;
			sourceTree = "<group>";
		};
		8A21B78A27EE31A20009E5DB /* TomatoBar */ = {
			isa = PBXGroup;
			children = (
				8A21B78B27EE31A20009E5DB /* App.swift */,
				8AEE49AE2AA75A5E00243D2F /* Log.swift */,
				8A21B78D27EE31A20009E5DB /* View.swift */,
				8A9F700827EE396E0012A1EC /* State.swift */,
				8A9F701827EE3DAF0012A1EC /* Timer.swift */,
				8A9F701E27EE536D0012A1EC /* Player.swift */,
				8AA5B3F12812A74600BE1A6C /* Notifications.swift */,
				8A21B78F27EE31A30009E5DB /* Assets.xcassets */,
				8A21B79427EE31A30009E5DB /* TomatoBar.entitlements */,
				8AA54347293094AB002A47FC /* Localizable.strings */,
			);
			path = TomatoBar;
			sourceTree = "<group>";
		};
		8A9F700D27EE3AED0012A1EC /* Frameworks */ = {
			isa = PBXGroup;
			children = (
			);
			name = Frameworks;
			sourceTree = "<group>";
		};
/* End PBXGroup section */

/* Begin PBXNativeTarget section */
		8A21B78727EE31A20009E5DB /* TomatoBar */ = {
			isa = PBXNativeTarget;
			buildConfigurationList = 8A21B79727EE31A30009E5DB /* Build configuration list for PBXNativeTarget "TomatoBar" */;
			buildPhases = (
				8A21B78427EE31A20009E5DB /* Sources */,
				8A21B78527EE31A20009E5DB /* Frameworks */,
				8A21B78627EE31A20009E5DB /* Resources */,
				8A7403A127FA1A4E00E7F90B /* Copy “Launch at Login Helper” */,
			);
			buildRules = (
			);
			dependencies = (
			);
			name = TomatoBar;
			packageProductDependencies = (
				8A74039F27FA19BB00E7F90B /* LaunchAtLogin */,
				8AA5B3EA281295DB00BE1A6C /* KeyboardShortcuts */,
				8A8CFE3F2821D8C300F9F303 /* SwiftState */,
			);
			productName = TomatoBar;
			productReference = 8A21B78827EE31A20009E5DB /* TomatoBar.app */;
			productType = "com.apple.product-type.application";
		};
/* End PBXNativeTarget section */

/* Begin PBXProject section */
		8A21B78027EE31A20009E5DB /* Project object */ = {
			isa = PBXProject;
			attributes = {
				BuildIndependentTargetsInParallel = 1;
				LastSwiftUpdateCheck = 1330;
				LastUpgradeCheck = 1410;
				TargetAttributes = {
					8A21B78727EE31A20009E5DB = {
						CreatedOnToolsVersion = 13.3;
					};
				};
			};
			buildConfigurationList = 8A21B78327EE31A20009E5DB /* Build configuration list for PBXProject "TomatoBar" */;
			compatibilityVersion = "Xcode 13.0";
			developmentRegion = en;
			hasScannedForEncodings = 0;
			knownRegions = (
				en,
				Base,
				"zh-Hans",
			);
			mainGroup = 8A21B77F27EE31A20009E5DB;
			packageReferences = (
				8A74039E27FA19BB00E7F90B /* XCRemoteSwiftPackageReference "LaunchAtLogin" */,
				8AA5B3E9281295DB00BE1A6C /* XCRemoteSwiftPackageReference "KeyboardShortcuts" */,
				8A8CFE3E2821D8C300F9F303 /* XCRemoteSwiftPackageReference "SwiftState" */,
			);
			productRefGroup = 8A21B78927EE31A20009E5DB /* Products */;
			projectDirPath = "";
			projectRoot = "";
			targets = (
				8A21B78727EE31A20009E5DB /* TomatoBar */,
			);
		};
/* End PBXProject section */

/* Begin PBXResourcesBuildPhase section */
		8A21B78627EE31A20009E5DB /* Resources */ = {
			isa = PBXResourcesBuildPhase;
			buildActionMask = 2147483647;
			files = (
				8A21B79027EE31A30009E5DB /* Assets.xcassets in Resources */,
				8AA5434A2930F008002A47FC /* Localizable.strings in Resources */,
			);
			runOnlyForDeploymentPostprocessing = 0;
		};
/* End PBXResourcesBuildPhase section */

/* Begin PBXShellScriptBuildPhase section */
		8A7403A127FA1A4E00E7F90B /* Copy “Launch at Login Helper” */ = {
			isa = PBXShellScriptBuildPhase;
			alwaysOutOfDate = 1;
			buildActionMask = 2147483647;
			files = (
			);
			inputFileListPaths = (
			);
			inputPaths = (
			);
			name = "Copy “Launch at Login Helper”";
			outputFileListPaths = (
			);
			outputPaths = (
			);
			runOnlyForDeploymentPostprocessing = 0;
			shellPath = /bin/sh;
			shellScript = "\"${BUILT_PRODUCTS_DIR}/LaunchAtLogin_LaunchAtLogin.bundle/Contents/Resources/copy-helper-swiftpm.sh\"\n";
		};
/* End PBXShellScriptBuildPhase section */

/* Begin PBXSourcesBuildPhase section */
		8A21B78427EE31A20009E5DB /* Sources */ = {
			isa = PBXSourcesBuildPhase;
			buildActionMask = 2147483647;
			files = (
				8A9F701F27EE536D0012A1EC /* Player.swift in Sources */,
				8AEE49AF2AA75A5E00243D2F /* Log.swift in Sources */,
				8A21B78E27EE31A20009E5DB /* View.swift in Sources */,
				8A9F701927EE3DAF0012A1EC /* Timer.swift in Sources */,
				8A21B78C27EE31A20009E5DB /* App.swift in Sources */,
				8AA5B3F22812A74600BE1A6C /* Notifications.swift in Sources */,
				8A9F700927EE396E0012A1EC /* State.swift in Sources */,
			);
			runOnlyForDeploymentPostprocessing = 0;
		};
/* End PBXSourcesBuildPhase section */

/* Begin PBXVariantGroup section */
		8AA54347293094AB002A47FC /* Localizable.strings */ = {
			isa = PBXVariantGroup;
			children = (
				8AA54346293094AB002A47FC /* en */,
				C4C8DE0E2930DBB4003B1110 /* zh-Hans */,
			);
			name = Localizable.strings;
			sourceTree = "<group>";
		};
/* End PBXVariantGroup section */

/* Begin XCBuildConfiguration section */
		8A21B79527EE31A30009E5DB /* Debug */ = {
			isa = XCBuildConfiguration;
			buildSettings = {
				ALWAYS_SEARCH_USER_PATHS = NO;
				CLANG_ANALYZER_LOCALIZABILITY_NONLOCALIZED = YES;
				CLANG_ANALYZER_NONNULL = YES;
				CLANG_ANALYZER_NUMBER_OBJECT_CONVERSION = YES_AGGRESSIVE;
				CLANG_CXX_LANGUAGE_STANDARD = "gnu++17";
				CLANG_ENABLE_MODULES = YES;
				CLANG_ENABLE_OBJC_ARC = YES;
				CLANG_ENABLE_OBJC_WEAK = YES;
				CLANG_WARN_BLOCK_CAPTURE_AUTORELEASING = YES;
				CLANG_WARN_BOOL_CONVERSION = YES;
				CLANG_WARN_COMMA = YES;
				CLANG_WARN_CONSTANT_CONVERSION = YES;
				CLANG_WARN_DEPRECATED_OBJC_IMPLEMENTATIONS = YES;
				CLANG_WARN_DIRECT_OBJC_ISA_USAGE = YES_ERROR;
				CLANG_WARN_DOCUMENTATION_COMMENTS = YES;
				CLANG_WARN_EMPTY_BODY = YES;
				CLANG_WARN_ENUM_CONVERSION = YES;
				CLANG_WARN_INFINITE_RECURSION = YES;
				CLANG_WARN_INT_CONVERSION = YES;
				CLANG_WARN_NON_LITERAL_NULL_CONVERSION = YES;
				CLANG_WARN_OBJC_IMPLICIT_RETAIN_SELF = YES;
				CLANG_WARN_OBJC_LITERAL_CONVERSION = YES;
				CLANG_WARN_OBJC_ROOT_CLASS = YES_ERROR;
				CLANG_WARN_QUOTED_INCLUDE_IN_FRAMEWORK_HEADER = YES;
				CLANG_WARN_RANGE_LOOP_ANALYSIS = YES;
				CLANG_WARN_STRICT_PROTOTYPES = YES;
				CLANG_WARN_SUSPICIOUS_MOVE = YES;
				CLANG_WARN_UNGUARDED_AVAILABILITY = YES_AGGRESSIVE;
				CLANG_WARN_UNREACHABLE_CODE = YES;
				CLANG_WARN__DUPLICATE_METHOD_MATCH = YES;
				COPY_PHASE_STRIP = NO;
				DEAD_CODE_STRIPPING = YES;
				DEBUG_INFORMATION_FORMAT = dwarf;
				ENABLE_STRICT_OBJC_MSGSEND = YES;
				ENABLE_TESTABILITY = YES;
				GCC_C_LANGUAGE_STANDARD = gnu11;
				GCC_DYNAMIC_NO_PIC = NO;
				GCC_NO_COMMON_BLOCKS = YES;
				GCC_OPTIMIZATION_LEVEL = 0;
				GCC_PREPROCESSOR_DEFINITIONS = (
					"DEBUG=1",
					"$(inherited)",
				);
				GCC_WARN_64_TO_32_BIT_CONVERSION = YES;
				GCC_WARN_ABOUT_RETURN_TYPE = YES_ERROR;
				GCC_WARN_UNDECLARED_SELECTOR = YES;
				GCC_WARN_UNINITIALIZED_AUTOS = YES_AGGRESSIVE;
				GCC_WARN_UNUSED_FUNCTION = YES;
				GCC_WARN_UNUSED_VARIABLE = YES;
				MACOSX_DEPLOYMENT_TARGET = 12.3;
				MTL_ENABLE_DEBUG_INFO = INCLUDE_SOURCE;
				MTL_FAST_MATH = YES;
				ONLY_ACTIVE_ARCH = YES;
				SDKROOT = macosx;
				SWIFT_ACTIVE_COMPILATION_CONDITIONS = DEBUG;
				SWIFT_OPTIMIZATION_LEVEL = "-Onone";
			};
			name = Debug;
		};
		8A21B79627EE31A30009E5DB /* Release */ = {
			isa = XCBuildConfiguration;
			buildSettings = {
				ALWAYS_SEARCH_USER_PATHS = NO;
				CLANG_ANALYZER_LOCALIZABILITY_NONLOCALIZED = YES;
				CLANG_ANALYZER_NONNULL = YES;
				CLANG_ANALYZER_NUMBER_OBJECT_CONVERSION = YES_AGGRESSIVE;
				CLANG_CXX_LANGUAGE_STANDARD = "gnu++17";
				CLANG_ENABLE_MODULES = YES;
				CLANG_ENABLE_OBJC_ARC = YES;
				CLANG_ENABLE_OBJC_WEAK = YES;
				CLANG_WARN_BLOCK_CAPTURE_AUTORELEASING = YES;
				CLANG_WARN_BOOL_CONVERSION = YES;
				CLANG_WARN_COMMA = YES;
				CLANG_WARN_CONSTANT_CONVERSION = YES;
				CLANG_WARN_DEPRECATED_OBJC_IMPLEMENTATIONS = YES;
				CLANG_WARN_DIRECT_OBJC_ISA_USAGE = YES_ERROR;
				CLANG_WARN_DOCUMENTATION_COMMENTS = YES;
				CLANG_WARN_EMPTY_BODY = YES;
				CLANG_WARN_ENUM_CONVERSION = YES;
				CLANG_WARN_INFINITE_RECURSION = YES;
				CLANG_WARN_INT_CONVERSION = YES;
				CLANG_WARN_NON_LITERAL_NULL_CONVERSION = YES;
				CLANG_WARN_OBJC_IMPLICIT_RETAIN_SELF = YES;
				CLANG_WARN_OBJC_LITERAL_CONVERSION = YES;
				CLANG_WARN_OBJC_ROOT_CLASS = YES_ERROR;
				CLANG_WARN_QUOTED_INCLUDE_IN_FRAMEWORK_HEADER = YES;
				CLANG_WARN_RANGE_LOOP_ANALYSIS = YES;
				CLANG_WARN_STRICT_PROTOTYPES = YES;
				CLANG_WARN_SUSPICIOUS_MOVE = YES;
				CLANG_WARN_UNGUARDED_AVAILABILITY = YES_AGGRESSIVE;
				CLANG_WARN_UNREACHABLE_CODE = YES;
				CLANG_WARN__DUPLICATE_METHOD_MATCH = YES;
				COPY_PHASE_STRIP = NO;
				DEAD_CODE_STRIPPING = YES;
				DEBUG_INFORMATION_FORMAT = "dwarf-with-dsym";
				ENABLE_NS_ASSERTIONS = NO;
				ENABLE_STRICT_OBJC_MSGSEND = YES;
				GCC_C_LANGUAGE_STANDARD = gnu11;
				GCC_NO_COMMON_BLOCKS = YES;
				GCC_WARN_64_TO_32_BIT_CONVERSION = YES;
				GCC_WARN_ABOUT_RETURN_TYPE = YES_ERROR;
				GCC_WARN_UNDECLARED_SELECTOR = YES;
				GCC_WARN_UNINITIALIZED_AUTOS = YES_AGGRESSIVE;
				GCC_WARN_UNUSED_FUNCTION = YES;
				GCC_WARN_UNUSED_VARIABLE = YES;
				MACOSX_DEPLOYMENT_TARGET = 12.3;
				MTL_ENABLE_DEBUG_INFO = NO;
				MTL_FAST_MATH = YES;
				SDKROOT = macosx;
				SWIFT_COMPILATION_MODE = wholemodule;
				SWIFT_OPTIMIZATION_LEVEL = "-O";
			};
			name = Release;
		};
		8A21B79827EE31A30009E5DB /* Debug */ = {
			isa = XCBuildConfiguration;
			buildSettings = {
				ASSETCATALOG_COMPILER_APPICON_NAME = AppIcon;
				ASSETCATALOG_COMPILER_GLOBAL_ACCENT_COLOR_NAME = AccentColor;
				CODE_SIGN_ENTITLEMENTS = TomatoBar/TomatoBar.entitlements;
				CODE_SIGN_IDENTITY = "-";
				CODE_SIGN_STYLE = Automatic;
				COMBINE_HIDPI_IMAGES = YES;
				CURRENT_PROJECT_VERSION = 1;
				DEAD_CODE_STRIPPING = YES;
				DEVELOPMENT_TEAM = "";
				ENABLE_HARDENED_RUNTIME = YES;
				GENERATE_INFOPLIST_FILE = YES;
				INFOPLIST_FILE = TomatoBar/Info.plist;
				INFOPLIST_KEY_LSApplicationCategoryType = "public.app-category.productivity";
				INFOPLIST_KEY_LSUIElement = YES;
				INFOPLIST_KEY_NSHumanReadableCopyright = "Copyright © 2023 Ilya Voronin. All rights reserved. https://github.com/ivoronin/TomatoBar";
				LD_RUNPATH_SEARCH_PATHS = (
					"$(inherited)",
					"@executable_path/../Frameworks",
				);
				MACOSX_DEPLOYMENT_TARGET = 11.0;
				MARKETING_VERSION = 3.0;
				PRODUCT_BUNDLE_IDENTIFIER = com.github.ivoronin.TomatoBar;
				PRODUCT_NAME = "$(TARGET_NAME)";
				SWIFT_EMIT_LOC_STRINGS = YES;
				SWIFT_VERSION = 5.0;
				SYSTEM_FRAMEWORK_SEARCH_PATHS = (
					"$(inherited)",
					"$(SYSTEM_LIBRARY_DIR)/PrivateFrameworks",
				);
			};
			name = Debug;
		};
		8A21B79927EE31A30009E5DB /* Release */ = {
			isa = XCBuildConfiguration;
			buildSettings = {
				ASSETCATALOG_COMPILER_APPICON_NAME = AppIcon;
				ASSETCATALOG_COMPILER_GLOBAL_ACCENT_COLOR_NAME = AccentColor;
				CODE_SIGN_ENTITLEMENTS = TomatoBar/TomatoBar.entitlements;
				CODE_SIGN_IDENTITY = "-";
				CODE_SIGN_STYLE = Automatic;
				COMBINE_HIDPI_IMAGES = YES;
				CURRENT_PROJECT_VERSION = 1;
				DEAD_CODE_STRIPPING = YES;
				DEVELOPMENT_TEAM = "";
				ENABLE_HARDENED_RUNTIME = YES;
				GENERATE_INFOPLIST_FILE = YES;
				INFOPLIST_FILE = TomatoBar/Info.plist;
				INFOPLIST_KEY_LSApplicationCategoryType = "public.app-category.productivity";
				INFOPLIST_KEY_LSUIElement = YES;
				INFOPLIST_KEY_NSHumanReadableCopyright = "Copyright © 2023 Ilya Voronin. All rights reserved. https://github.com/ivoronin/TomatoBar";
				LD_RUNPATH_SEARCH_PATHS = (
					"$(inherited)",
					"@executable_path/../Frameworks",
				);
				MACOSX_DEPLOYMENT_TARGET = 11.0;
				MARKETING_VERSION = 3.0;
				PRODUCT_BUNDLE_IDENTIFIER = com.github.ivoronin.TomatoBar;
				PRODUCT_NAME = "$(TARGET_NAME)";
				SWIFT_EMIT_LOC_STRINGS = YES;
				SWIFT_VERSION = 5.0;
				SYSTEM_FRAMEWORK_SEARCH_PATHS = (
					"$(inherited)",
					"$(SYSTEM_LIBRARY_DIR)/PrivateFrameworks",
				);
			};
			name = Release;
		};
/* End XCBuildConfiguration section */

/* Begin XCConfigurationList section */
		8A21B78327EE31A20009E5DB /* Build configuration list for PBXProject "TomatoBar" */ = {
			isa = XCConfigurationList;
			buildConfigurations = (
				8A21B79527EE31A30009E5DB /* Debug */,
				8A21B79627EE31A30009E5DB /* Release */,
			);
			defaultConfigurationIsVisible = 0;
			defaultConfigurationName = Release;
		};
		8A21B79727EE31A30009E5DB /* Build configuration list for PBXNativeTarget "TomatoBar" */ = {
			isa = XCConfigurationList;
			buildConfigurations = (
				8A21B79827EE31A30009E5DB /* Debug */,
				8A21B79927EE31A30009E5DB /* Release */,
			);
			defaultConfigurationIsVisible = 0;
			defaultConfigurationName = Release;
		};
/* End XCConfigurationList section */

/* Begin XCRemoteSwiftPackageReference section */
		8A74039E27FA19BB00E7F90B /* XCRemoteSwiftPackageReference "LaunchAtLogin" */ = {
			isa = XCRemoteSwiftPackageReference;
			repositoryURL = "https://github.com/sindresorhus/LaunchAtLogin";
			requirement = {
				kind = exactVersion;
				version = 5.0.0;
			};
		};
		8A8CFE3E2821D8C300F9F303 /* XCRemoteSwiftPackageReference "SwiftState" */ = {
			isa = XCRemoteSwiftPackageReference;
			repositoryURL = "https://github.com/ReactKit/SwiftState";
			requirement = {
				branch = swift/5.0;
				kind = branch;
			};
		};
		8AA5B3E9281295DB00BE1A6C /* XCRemoteSwiftPackageReference "KeyboardShortcuts" */ = {
			isa = XCRemoteSwiftPackageReference;
			repositoryURL = "https://github.com/sindresorhus/KeyboardShortcuts";
			requirement = {
				kind = exactVersion;
				version = 1.14.1;
			};
		};
/* End XCRemoteSwiftPackageReference section */

/* Begin XCSwiftPackageProductDependency section */
		8A74039F27FA19BB00E7F90B /* LaunchAtLogin */ = {
			isa = XCSwiftPackageProductDependency;
			package = 8A74039E27FA19BB00E7F90B /* XCRemoteSwiftPackageReference "LaunchAtLogin" */;
			productName = LaunchAtLogin;
		};
		8A8CFE3F2821D8C300F9F303 /* SwiftState */ = {
			isa = XCSwiftPackageProductDependency;
			package = 8A8CFE3E2821D8C300F9F303 /* XCRemoteSwiftPackageReference "SwiftState" */;
			productName = SwiftState;
		};
		8AA5B3EA281295DB00BE1A6C /* KeyboardShortcuts */ = {
			isa = XCSwiftPackageProductDependency;
			package = 8AA5B3E9281295DB00BE1A6C /* XCRemoteSwiftPackageReference "KeyboardShortcuts" */;
			productName = KeyboardShortcuts;
		};
/* End XCSwiftPackageProductDependency section */
	};
	rootObject = 8A21B78027EE31A20009E5DB /* Project object */;
}
