// !$*UTF8*$!
{
	archiveVersion = 1;
	classes = {
	};
	objectVersion = 52;
	objects = {

/* Begin PBXBuildFile section */
		8A112DDA2099E8AE00DDBDD0 /* AppDelegate.swift in Sources */ = {isa = PBXBuildFile; fileRef = 8A112DD92099E8AE00DDBDD0 /* AppDelegate.swift */; };
		8A112DDE2099E8B000DDBDD0 /* Assets.xcassets in Resources */ = {isa = PBXBuildFile; fileRef = 8A112DDD2099E8B000DDBDD0 /* Assets.xcassets */; };
		8A112DEA2099F1A500DDBDD0 /* TomatoBar.xib in Resources */ = {isa = PBXBuildFile; fileRef = 8A112DE92099F1A500DDBDD0 /* TomatoBar.xib */; };
		8A112E0A2099FB8000DDBDD0 /* DFRFoundation.framework in Frameworks */ = {isa = PBXBuildFile; fileRef = 8A112E092099FB8000DDBDD0 /* DFRFoundation.framework */; };
		8A112E0C2099FD1A00DDBDD0 /* TomatoBarController.swift in Sources */ = {isa = PBXBuildFile; fileRef = 8A112E0B2099FD1A00DDBDD0 /* TomatoBarController.swift */; };
		8AA1D306254337B700391A51 /* SwiftState in Frameworks */ = {isa = PBXBuildFile; productRef = 8AA1D305254337B700391A51 /* SwiftState */; };
		8AA1D30E2546F8D700391A51 /* TomatoBarSettings.swift in Sources */ = {isa = PBXBuildFile; fileRef = 8AA1D30A2546F76E00391A51 /* TomatoBarSettings.swift */; };
		8AA1D3172546FC4100391A51 /* TomatoBarPlayer.swift in Sources */ = {isa = PBXBuildFile; fileRef = 8AA1D3102546FA6700391A51 /* TomatoBarPlayer.swift */; };
		8AA1D31D25483D1200391A51 /* TomatoBarState.swift in Sources */ = {isa = PBXBuildFile; fileRef = 8AA1D31C25483D1200391A51 /* TomatoBarState.swift */; };
/* End PBXBuildFile section */

/* Begin PBXFileReference section */
		8A112DD62099E8AE00DDBDD0 /* Tomato Bar.app */ = {isa = PBXFileReference; explicitFileType = wrapper.application; includeInIndex = 0; path = "Tomato Bar.app"; sourceTree = BUILT_PRODUCTS_DIR; };
		8A112DD92099E8AE00DDBDD0 /* AppDelegate.swift */ = {isa = PBXFileReference; lastKnownFileType = sourcecode.swift; path = AppDelegate.swift; sourceTree = "<group>"; };
		8A112DDD2099E8B000DDBDD0 /* Assets.xcassets */ = {isa = PBXFileReference; lastKnownFileType = folder.assetcatalog; path = Assets.xcassets; sourceTree = "<group>"; };
		8A112DE22099E8B100DDBDD0 /* Info.plist */ = {isa = PBXFileReference; lastKnownFileType = text.plist.xml; path = Info.plist; sourceTree = "<group>"; };
		8A112DE32099E8B100DDBDD0 /* TomatoBar.entitlements */ = {isa = PBXFileReference; lastKnownFileType = text.plist.entitlements; path = TomatoBar.entitlements; sourceTree = "<group>"; };
		8A112DE92099F1A500DDBDD0 /* TomatoBar.xib */ = {isa = PBXFileReference; lastKnownFileType = file.xib; path = TomatoBar.xib; sourceTree = "<group>"; };
		8A112E052099F8A000DDBDD0 /* TouchBar.h */ = {isa = PBXFileReference; lastKnownFileType = sourcecode.c.h; path = TouchBar.h; sourceTree = "<group>"; };
		8A112E072099F9D000DDBDD0 /* BridgingHeader.h */ = {isa = PBXFileReference; lastKnownFileType = sourcecode.c.h; path = BridgingHeader.h; sourceTree = "<group>"; };
		8A112E092099FB8000DDBDD0 /* DFRFoundation.framework */ = {isa = PBXFileReference; lastKnownFileType = wrapper.framework; name = DFRFoundation.framework; path = ../../../../System/Library/PrivateFrameworks/DFRFoundation.framework; sourceTree = "<group>"; };
		8A112E0B2099FD1A00DDBDD0 /* TomatoBarController.swift */ = {isa = PBXFileReference; lastKnownFileType = sourcecode.swift; path = TomatoBarController.swift; sourceTree = "<group>"; };
		8AA1D30A2546F76E00391A51 /* TomatoBarSettings.swift */ = {isa = PBXFileReference; lastKnownFileType = sourcecode.swift; path = TomatoBarSettings.swift; sourceTree = "<group>"; };
		8AA1D3102546FA6700391A51 /* TomatoBarPlayer.swift */ = {isa = PBXFileReference; lastKnownFileType = sourcecode.swift; path = TomatoBarPlayer.swift; sourceTree = "<group>"; };
		8AA1D31C25483D1200391A51 /* TomatoBarState.swift */ = {isa = PBXFileReference; lastKnownFileType = sourcecode.swift; path = TomatoBarState.swift; sourceTree = "<group>"; };
/* End PBXFileReference section */

/* Begin PBXFrameworksBuildPhase section */
		8A112DD32099E8AE00DDBDD0 /* Frameworks */ = {
			isa = PBXFrameworksBuildPhase;
			buildActionMask = 2147483647;
			files = (
				8AA1D306254337B700391A51 /* SwiftState in Frameworks */,
				8A112E0A2099FB8000DDBDD0 /* DFRFoundation.framework in Frameworks */,
			);
			runOnlyForDeploymentPostprocessing = 0;
		};
/* End PBXFrameworksBuildPhase section */

/* Begin PBXGroup section */
		8A112DCD2099E8AE00DDBDD0 = {
			isa = PBXGroup;
			children = (
				8A112DD82099E8AE00DDBDD0 /* TomatoBar */,
				8A112DD72099E8AE00DDBDD0 /* Products */,
				8A112E082099FB7F00DDBDD0 /* Frameworks */,
			);
			sourceTree = "<group>";
		};
		8A112DD72099E8AE00DDBDD0 /* Products */ = {
			isa = PBXGroup;
			children = (
				8A112DD62099E8AE00DDBDD0 /* Tomato Bar.app */,
			);
			name = Products;
			sourceTree = "<group>";
		};
		8A112DD82099E8AE00DDBDD0 /* TomatoBar */ = {
			isa = PBXGroup;
			children = (
				8A112DD92099E8AE00DDBDD0 /* AppDelegate.swift */,
				8A112E0B2099FD1A00DDBDD0 /* TomatoBarController.swift */,
				8AA1D31C25483D1200391A51 /* TomatoBarState.swift */,
				8AA1D3102546FA6700391A51 /* TomatoBarPlayer.swift */,
				8AA1D30A2546F76E00391A51 /* TomatoBarSettings.swift */,
				8A112DE92099F1A500DDBDD0 /* TomatoBar.xib */,
				8A112DDD2099E8B000DDBDD0 /* Assets.xcassets */,
				8A112DE22099E8B100DDBDD0 /* Info.plist */,
				8A112DE32099E8B100DDBDD0 /* TomatoBar.entitlements */,
				8A112E052099F8A000DDBDD0 /* TouchBar.h */,
				8A112E072099F9D000DDBDD0 /* BridgingHeader.h */,
			);
			path = TomatoBar;
			sourceTree = "<group>";
		};
		8A112E082099FB7F00DDBDD0 /* Frameworks */ = {
			isa = PBXGroup;
			children = (
				8A112E092099FB8000DDBDD0 /* DFRFoundation.framework */,
			);
			name = Frameworks;
			sourceTree = "<group>";
		};
/* End PBXGroup section */

/* Begin PBXNativeTarget section */
		8A112DD52099E8AE00DDBDD0 /* Tomato Bar */ = {
			isa = PBXNativeTarget;
			buildConfigurationList = 8A112DE62099E8B100DDBDD0 /* Build configuration list for PBXNativeTarget "Tomato Bar" */;
			buildPhases = (
				8A112DD22099E8AE00DDBDD0 /* Sources */,
				8A112DD32099E8AE00DDBDD0 /* Frameworks */,
				8A112DD42099E8AE00DDBDD0 /* Resources */,
				8A112E0F209A0BCE00DDBDD0 /* Swiftlint */,
			);
			buildRules = (
			);
			dependencies = (
			);
			name = "Tomato Bar";
			packageProductDependencies = (
				8AA1D305254337B700391A51 /* SwiftState */,
			);
			productName = "Tomato Bar";
			productReference = 8A112DD62099E8AE00DDBDD0 /* Tomato Bar.app */;
			productType = "com.apple.product-type.application";
		};
/* End PBXNativeTarget section */

/* Begin PBXProject section */
		8A112DCE2099E8AE00DDBDD0 /* Project object */ = {
			isa = PBXProject;
			attributes = {
				LastSwiftUpdateCheck = 0930;
				LastUpgradeCheck = 1210;
				ORGANIZATIONNAME = "Ilya Voronin";
				TargetAttributes = {
					8A112DD52099E8AE00DDBDD0 = {
						CreatedOnToolsVersion = 9.3;
						LastSwiftMigration = 1150;
						SystemCapabilities = {
							com.apple.Sandbox = {
								enabled = 1;
							};
						};
					};
				};
			};
			buildConfigurationList = 8A112DD12099E8AE00DDBDD0 /* Build configuration list for PBXProject "TomatoBar" */;
			compatibilityVersion = "Xcode 9.3";
			developmentRegion = en;
			hasScannedForEncodings = 0;
			knownRegions = (
				en,
				Base,
			);
			mainGroup = 8A112DCD2099E8AE00DDBDD0;
			packageReferences = (
				8AA1D304254337B700391A51 /* XCRemoteSwiftPackageReference "SwiftState" */,
			);
			productRefGroup = 8A112DD72099E8AE00DDBDD0 /* Products */;
			projectDirPath = "";
			projectRoot = "";
			targets = (
				8A112DD52099E8AE00DDBDD0 /* Tomato Bar */,
			);
		};
/* End PBXProject section */

/* Begin PBXResourcesBuildPhase section */
		8A112DD42099E8AE00DDBDD0 /* Resources */ = {
			isa = PBXResourcesBuildPhase;
			buildActionMask = 2147483647;
			files = (
				8A112DEA2099F1A500DDBDD0 /* TomatoBar.xib in Resources */,
				8A112DDE2099E8B000DDBDD0 /* Assets.xcassets in Resources */,
			);
			runOnlyForDeploymentPostprocessing = 0;
		};
/* End PBXResourcesBuildPhase section */

/* Begin PBXShellScriptBuildPhase section */
		8A112E0F209A0BCE00DDBDD0 /* Swiftlint */ = {
			isa = PBXShellScriptBuildPhase;
			buildActionMask = 2147483647;
			files = (
			);
			inputPaths = (
			);
			name = Swiftlint;
			outputPaths = (
			);
			runOnlyForDeploymentPostprocessing = 0;
			shellPath = /bin/sh;
			shellScript = "[ \"${CI}\" ] || swiftlint --enable-all-rules\n";
		};
/* End PBXShellScriptBuildPhase section */

/* Begin PBXSourcesBuildPhase section */
		8A112DD22099E8AE00DDBDD0 /* Sources */ = {
			isa = PBXSourcesBuildPhase;
			buildActionMask = 2147483647;
			files = (
				8AA1D3172546FC4100391A51 /* TomatoBarPlayer.swift in Sources */,
				8AA1D30E2546F8D700391A51 /* TomatoBarSettings.swift in Sources */,
				8AA1D31D25483D1200391A51 /* TomatoBarState.swift in Sources */,
				8A112DDA2099E8AE00DDBDD0 /* AppDelegate.swift in Sources */,
				8A112E0C2099FD1A00DDBDD0 /* TomatoBarController.swift in Sources */,
			);
			runOnlyForDeploymentPostprocessing = 0;
		};
/* End PBXSourcesBuildPhase section */

/* Begin XCBuildConfiguration section */
		8A112DE42099E8B100DDBDD0 /* Debug */ = {
			isa = XCBuildConfiguration;
			buildSettings = {
				ALWAYS_SEARCH_USER_PATHS = NO;
				CLANG_ANALYZER_NONNULL = YES;
				CLANG_ANALYZER_NUMBER_OBJECT_CONVERSION = YES_AGGRESSIVE;
				CLANG_CXX_LANGUAGE_STANDARD = "gnu++14";
				CLANG_CXX_LIBRARY = "libc++";
				CLANG_ENABLE_MODULES = YES;
				CLANG_ENABLE_OBJC_ARC = YES;
				CLANG_ENABLE_OBJC_WEAK = YES;
				CLANG_WARN_BLOCK_CAPTURE_AUTORELEASING = YES;
				CLANG_WARN_BOOL_CONVERSION = YES;
				CLANG_WARN_COMMA = YES;
				CLANG_WARN_CONSTANT_CONVERSION = YES;
				CLANG_WARN_DEPRECATED_OBJC_IMPLEMENTATIONS = YES;
				CLANG_WARN_DIRECT_OBJC_ISA_USAGE = YES_ERROR;
				CLANG_WARN_DOCUMENTATION_COMMENTS = YES;
				CLANG_WARN_EMPTY_BODY = YES;
				CLANG_WARN_ENUM_CONVERSION = YES;
				CLANG_WARN_INFINITE_RECURSION = YES;
				CLANG_WARN_INT_CONVERSION = YES;
				CLANG_WARN_NON_LITERAL_NULL_CONVERSION = YES;
				CLANG_WARN_OBJC_IMPLICIT_RETAIN_SELF = YES;
				CLANG_WARN_OBJC_LITERAL_CONVERSION = YES;
				CLANG_WARN_OBJC_ROOT_CLASS = YES_ERROR;
				CLANG_WARN_QUOTED_INCLUDE_IN_FRAMEWORK_HEADER = YES;
				CLANG_WARN_RANGE_LOOP_ANALYSIS = YES;
				CLANG_WARN_STRICT_PROTOTYPES = YES;
				CLANG_WARN_SUSPICIOUS_MOVE = YES;
				CLANG_WARN_UNGUARDED_AVAILABILITY = YES_AGGRESSIVE;
				CLANG_WARN_UNREACHABLE_CODE = YES;
				CLANG_WARN__DUPLICATE_METHOD_MATCH = YES;
				CODE_SIGN_IDENTITY = "Mac Developer";
				COPY_PHASE_STRIP = NO;
				DEBUG_INFORMATION_FORMAT = dwarf;
				ENABLE_STRICT_OBJC_MSGSEND = YES;
				ENABLE_TESTABILITY = YES;
				GCC_C_LANGUAGE_STANDARD = gnu11;
				GCC_DYNAMIC_NO_PIC = NO;
				GCC_NO_COMMON_BLOCKS = YES;
				GCC_OPTIMIZATION_LEVEL = 0;
				GCC_PREPROCESSOR_DEFINITIONS = (
					"DEBUG=1",
					"$(inherited)",
				);
				GCC_WARN_64_TO_32_BIT_CONVERSION = YES;
				GCC_WARN_ABOUT_RETURN_TYPE = YES_ERROR;
				GCC_WARN_UNDECLARED_SELECTOR = YES;
				GCC_WARN_UNINITIALIZED_AUTOS = YES_AGGRESSIVE;
				GCC_WARN_UNUSED_FUNCTION = YES;
				GCC_WARN_UNUSED_VARIABLE = YES;
				MACOSX_DEPLOYMENT_TARGET = 10.13;
				MTL_ENABLE_DEBUG_INFO = YES;
				ONLY_ACTIVE_ARCH = YES;
				SDKROOT = macosx;
				SWIFT_ACTIVE_COMPILATION_CONDITIONS = DEBUG;
				SWIFT_OPTIMIZATION_LEVEL = "-Onone";
			};
			name = Debug;
		};
		8A112DE52099E8B100DDBDD0 /* Release */ = {
			isa = XCBuildConfiguration;
			buildSettings = {
				ALWAYS_SEARCH_USER_PATHS = NO;
				CLANG_ANALYZER_NONNULL = YES;
				CLANG_ANALYZER_NUMBER_OBJECT_CONVERSION = YES_AGGRESSIVE;
				CLANG_CXX_LANGUAGE_STANDARD = "gnu++14";
				CLANG_CXX_LIBRARY = "libc++";
				CLANG_ENABLE_MODULES = YES;
				CLANG_ENABLE_OBJC_ARC = YES;
				CLANG_ENABLE_OBJC_WEAK = YES;
				CLANG_WARN_BLOCK_CAPTURE_AUTORELEASING = YES;
				CLANG_WARN_BOOL_CONVERSION = YES;
				CLANG_WARN_COMMA = YES;
				CLANG_WARN_CONSTANT_CONVERSION = YES;
				CLANG_WARN_DEPRECATED_OBJC_IMPLEMENTATIONS = YES;
				CLANG_WARN_DIRECT_OBJC_ISA_USAGE = YES_ERROR;
				CLANG_WARN_DOCUMENTATION_COMMENTS = YES;
				CLANG_WARN_EMPTY_BODY = YES;
				CLANG_WARN_ENUM_CONVERSION = YES;
				CLANG_WARN_INFINITE_RECURSION = YES;
				CLANG_WARN_INT_CONVERSION = YES;
				CLANG_WARN_NON_LITERAL_NULL_CONVERSION = YES;
				CLANG_WARN_OBJC_IMPLICIT_RETAIN_SELF = YES;
				CLANG_WARN_OBJC_LITERAL_CONVERSION = YES;
				CLANG_WARN_OBJC_ROOT_CLASS = YES_ERROR;
				CLANG_WARN_QUOTED_INCLUDE_IN_FRAMEWORK_HEADER = YES;
				CLANG_WARN_RANGE_LOOP_ANALYSIS = YES;
				CLANG_WARN_STRICT_PROTOTYPES = YES;
				CLANG_WARN_SUSPICIOUS_MOVE = YES;
				CLANG_WARN_UNGUARDED_AVAILABILITY = YES_AGGRESSIVE;
				CLANG_WARN_UNREACHABLE_CODE = YES;
				CLANG_WARN__DUPLICATE_METHOD_MATCH = YES;
				CODE_SIGN_IDENTITY = "Mac Developer";
				COPY_PHASE_STRIP = NO;
				DEBUG_INFORMATION_FORMAT = "dwarf-with-dsym";
				ENABLE_NS_ASSERTIONS = NO;
				ENABLE_STRICT_OBJC_MSGSEND = YES;
				GCC_C_LANGUAGE_STANDARD = gnu11;
				GCC_NO_COMMON_BLOCKS = YES;
				GCC_WARN_64_TO_32_BIT_CONVERSION = YES;
				GCC_WARN_ABOUT_RETURN_TYPE = YES_ERROR;
				GCC_WARN_UNDECLARED_SELECTOR = YES;
				GCC_WARN_UNINITIALIZED_AUTOS = YES_AGGRESSIVE;
				GCC_WARN_UNUSED_FUNCTION = YES;
				GCC_WARN_UNUSED_VARIABLE = YES;
				MACOSX_DEPLOYMENT_TARGET = 10.13;
				MTL_ENABLE_DEBUG_INFO = NO;
				SDKROOT = macosx;
				SWIFT_COMPILATION_MODE = wholemodule;
				SWIFT_OPTIMIZATION_LEVEL = "-O";
			};
			name = Release;
		};
		8A112DE72099E8B100DDBDD0 /* Debug */ = {
			isa = XCBuildConfiguration;
			buildSettings = {
				ASSETCATALOG_COMPILER_APPICON_NAME = AppIcon;
				CODE_SIGN_ENTITLEMENTS = TomatoBar/TomatoBar.entitlements;
				CODE_SIGN_IDENTITY = "-";
				CODE_SIGN_STYLE = Automatic;
				COMBINE_HIDPI_IMAGES = YES;
				DEVELOPMENT_TEAM = 4C6H8UTMAG;
				INFOPLIST_FILE = TomatoBar/Info.plist;
				LD_RUNPATH_SEARCH_PATHS = (
					"$(inherited)",
					"@executable_path/../Frameworks",
				);
				MACOSX_DEPLOYMENT_TARGET = 10.12.2;
				MARKETING_VERSION = 2.0.3;
				PRODUCT_BUNDLE_IDENTIFIER = com.github.ivoronin.TomatoBar;
				PRODUCT_NAME = "$(TARGET_NAME)";
				SWIFT_OBJC_BRIDGING_HEADER = TomatoBar/BridgingHeader.h;
				SWIFT_VERSION = 5.0;
				SYSTEM_FRAMEWORK_SEARCH_PATHS = (
					"$(inherited)",
					"$(SYSTEM_LIBRARY_DIR)/PrivateFrameworks",
				);
			};
			name = Debug;
		};
		8A112DE82099E8B100DDBDD0 /* Release */ = {
			isa = XCBuildConfiguration;
			buildSettings = {
				ASSETCATALOG_COMPILER_APPICON_NAME = AppIcon;
				CODE_SIGN_ENTITLEMENTS = TomatoBar/TomatoBar.entitlements;
				CODE_SIGN_IDENTITY = "-";
				CODE_SIGN_STYLE = Automatic;
				COMBINE_HIDPI_IMAGES = YES;
				DEVELOPMENT_TEAM = 4C6H8UTMAG;
				INFOPLIST_FILE = TomatoBar/Info.plist;
				LD_RUNPATH_SEARCH_PATHS = (
					"$(inherited)",
					"@executable_path/../Frameworks",
				);
				MACOSX_DEPLOYMENT_TARGET = 10.12.2;
				MARKETING_VERSION = 2.0.3;
				PRODUCT_BUNDLE_IDENTIFIER = com.github.ivoronin.TomatoBar;
				PRODUCT_NAME = "$(TARGET_NAME)";
				SWIFT_OBJC_BRIDGING_HEADER = TomatoBar/BridgingHeader.h;
				SWIFT_VERSION = 5.0;
				SYSTEM_FRAMEWORK_SEARCH_PATHS = (
					"$(inherited)",
					"$(SYSTEM_LIBRARY_DIR)/PrivateFrameworks",
				);
			};
			name = Release;
		};
/* End XCBuildConfiguration section */

/* Begin XCConfigurationList section */
		8A112DD12099E8AE00DDBDD0 /* Build configuration list for PBXProject "TomatoBar" */ = {
			isa = XCConfigurationList;
			buildConfigurations = (
				8A112DE42099E8B100DDBDD0 /* Debug */,
				8A112DE52099E8B100DDBDD0 /* Release */,
			);
			defaultConfigurationIsVisible = 0;
			defaultConfigurationName = Release;
		};
		8A112DE62099E8B100DDBDD0 /* Build configuration list for PBXNativeTarget "Tomato Bar" */ = {
			isa = XCConfigurationList;
			buildConfigurations = (
				8A112DE72099E8B100DDBDD0 /* Debug */,
				8A112DE82099E8B100DDBDD0 /* Release */,
			);
			defaultConfigurationIsVisible = 0;
			defaultConfigurationName = Release;
		};
/* End XCConfigurationList section */

/* Begin XCRemoteSwiftPackageReference section */
		8AA1D304254337B700391A51 /* XCRemoteSwiftPackageReference "SwiftState" */ = {
			isa = XCRemoteSwiftPackageReference;
			repositoryURL = "https://github.com/ivoronin/SwiftState";
			requirement = {
				branch = swift/5.0;
				kind = branch;
			};
		};
/* End XCRemoteSwiftPackageReference section */

/* Begin XCSwiftPackageProductDependency section */
		8AA1D305254337B700391A51 /* SwiftState */ = {
			isa = XCSwiftPackageProductDependency;
			package = 8AA1D304254337B700391A51 /* XCRemoteSwiftPackageReference "SwiftState" */;
			productName = SwiftState;
		};
/* End XCSwiftPackageProductDependency section */
	};
	rootObject = 8A112DCE2099E8AE00DDBDD0 /* Project object */;
}
